<?xml version="1.0" encoding="utf-8"?>
<Project ToolsVersion="4.0" xmlns="http://schemas.microsoft.com/developer/msbuild/2003">
  <ItemGroup>
    <Filter Include="Source Files">
      <UniqueIdentifier>{4FC737F1-C7A5-4376-A066-2A32D752A2FF}</UniqueIdentifier>
      <Extensions>cpp;c;cc;cxx;def;odl;idl;hpj;bat;asm;asmx</Extensions>
    </Filter>
    <Filter Include="Header Files">
      <UniqueIdentifier>{93995380-89BD-4b04-88EB-625FBE52EBFB}</UniqueIdentifier>
      <Extensions>h;hh;hpp;hxx;hm;inl;inc;xsd</Extensions>
    </Filter>
    <Filter Include="Resource Files">
      <UniqueIdentifier>{67DA6AB6-F800-4c08-8B7A-83BB121AAD01}</UniqueIdentifier>
      <Extensions>rc;ico;cur;bmp;dlg;rc2;rct;bin;rgs;gif;jpg;jpeg;jpe;resx;tiff;tif;png;wav;mfcribbon-ms</Extensions>
    </Filter>
  </ItemGroup>
  <ItemGroup>
    <ClInclude Include="stdafx.h">
      <Filter>Header Files</Filter>
    </ClInclude>
    <ClInclude Include="targetver.h">
      <Filter>Header Files</Filter>
    </ClInclude>
    <ClInclude Include="..\NonEuclidean\Camera.h">
      <Filter>Header Files</Filter>
    </ClInclude>
    <ClInclude Include="..\NonEuclidean\Collider.h">
      <Filter>Header Files</Filter>
    </ClInclude>
    <ClInclude Include="..\NonEuclidean\Engine.h">
      <Filter>Header Files</Filter>
    </ClInclude>
    <ClInclude Include="..\NonEuclidean\Floorplan.h">
      <Filter>Header Files</Filter>
    </ClInclude>
    <ClInclude Include="..\NonEuclidean\FrameBuffer.h">
      <Filter>Header Files</Filter>
    </ClInclude>
    <ClInclude Include="..\NonEuclidean\GameHeader.h">
      <Filter>Header Files</Filter>
    </ClInclude>
    <ClInclude Include="..\NonEuclidean\Ground.h">
      <Filter>Header Files</Filter>
    </ClInclude>
    <ClInclude Include="..\NonEuclidean\House.h">
      <Filter>Header Files</Filter>
    </ClInclude>
    <ClInclude Include="..\NonEuclidean\Input.h">
      <Filter>Header Files</Filter>
    </ClInclude>
    <ClInclude Include="..\NonEuclidean\Level1.h">
      <Filter>Header Files</Filter>
    </ClInclude>
    <ClInclude Include="..\NonEuclidean\Level2.h">
      <Filter>Header Files</Filter>
    </ClInclude>
    <ClInclude Include="..\NonEuclidean\Level3.h">
      <Filter>Header Files</Filter>
    </ClInclude>
    <ClInclude Include="..\NonEuclidean\Level4.h">
      <Filter>Header Files</Filter>
    </ClInclude>
    <ClInclude Include="..\NonEuclidean\Level5.h">
      <Filter>Header Files</Filter>
    </ClInclude>
    <ClInclude Include="..\NonEuclidean\Level6.h">
      <Filter>Header Files</Filter>
    </ClInclude>
    <ClInclude Include="..\NonEuclidean\Mesh.h">
      <Filter>Header Files</Filter>
    </ClInclude>
    <ClInclude Include="..\NonEuclidean\Object.h">
      <Filter>Header Files</Filter>
    </ClInclude>
    <ClInclude Include="..\NonEuclidean\Physical.h">
      <Filter>Header Files</Filter>
    </ClInclude>
    <ClInclude Include="..\NonEuclidean\Pillar.h">
      <Filter>Header Files</Filter>
    </ClInclude>
    <ClInclude Include="..\NonEuclidean\PillarRoom.h">
      <Filter>Header Files</Filter>
    </ClInclude>
    <ClInclude Include="..\NonEuclidean\Player.h">
      <Filter>Header Files</Filter>
    </ClInclude>
    <ClInclude Include="..\NonEuclidean\Portal.h">
      <Filter>Header Files</Filter>
    </ClInclude>
    <ClInclude Include="..\NonEuclidean\Resources.h">
      <Filter>Header Files</Filter>
    </ClInclude>
    <ClInclude Include="..\NonEuclidean\Scene.h">
      <Filter>Header Files</Filter>
    </ClInclude>
    <ClInclude Include="..\NonEuclidean\Shader.h">
      <Filter>Header Files</Filter>
    </ClInclude>
    <ClInclude Include="..\NonEuclidean\Sky.h">
      <Filter>Header Files</Filter>
    </ClInclude>
    <ClInclude Include="..\NonEuclidean\Sphere.h">
      <Filter>Header Files</Filter>
    </ClInclude>
    <ClInclude Include="..\NonEuclidean\Statue.h">
      <Filter>Header Files</Filter>
    </ClInclude>
    <ClInclude Include="..\NonEuclidean\Texture.h">
      <Filter>Header Files</Filter>
    </ClInclude>
    <ClInclude Include="..\NonEuclidean\Timer.h">
      <Filter>Header Files</Filter>
    </ClInclude>
    <ClInclude Include="..\NonEuclidean\Tunnel.h">
      <Filter>Header Files</Filter>
    </ClInclude>
    <ClInclude Include="..\NonEuclidean\Vector.h">
      <Filter>Header Files</Filter>
    </ClInclude>
  </ItemGroup>
  <ItemGroup>
    <ClCompile Include="stdafx.cpp">
      <Filter>Source Files</Filter>
    </ClCompile>
    <ClCompile Include="PhysicalTest.cpp">
      <Filter>Source Files</Filter>
    </ClCompile>
    <ClCompile Include="..\NonEuclidean\Camera.cpp">
      <Filter>Source Files</Filter>
    </ClCompile>
    <ClCompile Include="..\NonEuclidean\Collider.cpp">
      <Filter>Source Files</Filter>
    </ClCompile>
    <ClCompile Include="..\NonEuclidean\Engine.cpp">
      <Filter>Source Files</Filter>
    </ClCompile>
    <ClCompile Include="..\NonEuclidean\FrameBuffer.cpp">
      <Filter>Source Files</Filter>
    </ClCompile>
    <ClCompile Include="..\NonEuclidean\Input.cpp">
      <Filter>Source Files</Filter>
    </ClCompile>
    <ClCompile Include="..\NonEuclidean\Level1.cpp">
      <Filter>Source Files</Filter>
    </ClCompile>
    <ClCompile Include="..\NonEuclidean\Level2.cpp">
      <Filter>Source Files</Filter>
    </ClCompile>
    <ClCompile Include="..\NonEuclidean\Level3.cpp">
      <Filter>Source Files</Filter>
    </ClCompile>
    <ClCompile Include="..\NonEuclidean\Level4.cpp">
      <Filter>Source Files</Filter>
    </ClCompile>
    <ClCompile Include="..\NonEuclidean\Level5.cpp">
      <Filter>Source Files</Filter>
    </ClCompile>
    <ClCompile Include="..\NonEuclidean\Level6.cpp">
      <Filter>Source Files</Filter>
    </ClCompile>
    <ClCompile Include="..\NonEuclidean\Main.cpp">
      <Filter>Source Files</Filter>
    </ClCompile>
    <ClCompile Include="..\NonEuclidean\Mesh.cpp">
      <Filter>Source Files</Filter>
    </ClCompile>
    <ClCompile Include="..\NonEuclidean\Object.cpp">
      <Filter>Source Files</Filter>
    </ClCompile>
    <ClCompile Include="..\NonEuclidean\Physical.cpp">
      <Filter>Source Files</Filter>
    </ClCompile>
    <ClCompile Include="..\NonEuclidean\Player.cpp">
      <Filter>Source Files</Filter>
    </ClCompile>
    <ClCompile Include="..\NonEuclidean\Portal.cpp">
      <Filter>Source Files</Filter>
    </ClCompile>
    <ClCompile Include="..\NonEuclidean\Resources.cpp">
      <Filter>Source Files</Filter>
    </ClCompile>
    <ClCompile Include="..\NonEuclidean\Shader.cpp">
      <Filter>Source Files</Filter>
    </ClCompile>
    <ClCompile Include="..\NonEuclidean\Texture.cpp">
      <Filter>Source Files</Filter>
    </ClCompile>
  </ItemGroup>
</Project>